{
  "lockfileVersion": 2,
  "configVersion": 0,
  "workspaces": {
    "": {
      "name": "selvedge",
      "dependencies": {
        "gpt-tokenizer": "4.0.0",
      },
    },
  },
  "packages": {
    "gpt-tokenizer": ["gpt-tokenizer@4.0.0", "", {}, "sha512-YAWIyzvuVUHEfW7tFfFAxH8qQb+Q3RU9nYOTy7skMNX5qzU6Q8jxTHZLyO56ug1vYvCR7wndzpd3jwD86/mhjQ=="],
  }
}
